
Microsoft Visual Studio Solution File, Format Version 12.00
# Visual Studio Version 17
VisualStudioVersion = 17.11.35312.102
MinimumVisualStudioVersion = 10.0.40219.1
Project("{FAE04EC0-301F-11D3-BF4B-00C04F79EFBC}") = "CSharpTask", "CSharpTask\CSharpTask.csproj", "{18C757A9-98A4-4BCB-A35F-B13EC5594E8F}"
EndProject
Global
	GlobalSection(SolutionConfigurationPlatforms) = preSolution
		Debug|Any CPU = Debug|Any CPU
		Release|Any CPU = Release|Any CPU
	EndGlobalSection
	GlobalSection(ProjectConfigurationPlatforms) = postSolution
		{18C757A9-98A4-4BCB-A35F-B13EC5594E8F}.Debug|Any CPU.ActiveCfg = Debug|Any CPU
		{18C757A9-98A4-4BCB-A35F-B13EC5594E8F}.Debug|Any CPU.Build.0 = Debug|Any CPU
		{18C757A9-98A4-4BCB-A35F-B13EC5594E8F}.Release|Any CPU.ActiveCfg = Release|Any CPU
		{18C757A9-98A4-4BCB-A35F-B13EC5594E8F}.Release|Any CPU.Build.0 = Release|Any CPU
	EndGlobalSection
	GlobalSection(SolutionProperties) = preSolution
		HideSolutionNode = FALSE
	EndGlobalSection
	GlobalSection(ExtensibilityGlobals) = postSolution
		SolutionGuid = {98D57A8A-2711-4438-B0AD-A40014D8D825}
	EndGlobalSection
EndGlobal
